
Microsoft Visual Studio Solution File, Format Version 12.00
# Visual Studio Version 17
VisualStudioVersion = 17.7.34031.279
MinimumVisualStudioVersion = 10.0.40219.1
Project("{FAE04EC0-301F-11D3-BF4B-00C04F79EFBC}") = "HP furniture", "HP furniture\HP furniture.csproj", "{247F911A-430C-4427-845C-352CFDDF0A69}"
EndProject
Global
	GlobalSection(SolutionConfigurationPlatforms) = preSolution
		Debug|Any CPU = Debug|Any CPU
		Release|Any CPU = Release|Any CPU
	EndGlobalSection
	GlobalSection(ProjectConfigurationPlatforms) = postSolution
		{247F911A-430C-4427-845C-352CFDDF0A69}.Debug|Any CPU.ActiveCfg = Debug|Any CPU
		{247F911A-430C-4427-845C-352CFDDF0A69}.Debug|Any CPU.Build.0 = Debug|Any CPU
		{247F911A-430C-4427-845C-352CFDDF0A69}.Release|Any CPU.ActiveCfg = Release|Any CPU
		{247F911A-430C-4427-845C-352CFDDF0A69}.Release|Any CPU.Build.0 = Release|Any CPU
	EndGlobalSection
	GlobalSection(SolutionProperties) = preSolution
		HideSolutionNode = FALSE
	EndGlobalSection
	GlobalSection(ExtensibilityGlobals) = postSolution
		SolutionGuid = {21E6C435-518B-4F1C-86C9-3308C4BBD994}
	EndGlobalSection
EndGlobal
